<?xml version="1.0" encoding="utf-8"?>
<Project ToolsVersion="4.0" xmlns="http://schemas.microsoft.com/developer/msbuild/2003">
  <ItemGroup>
    <Filter Include="Source Files">
      <UniqueIdentifier>{4FC737F1-C7A5-4376-A066-2A32D752A2FF}</UniqueIdentifier>
      <Extensions>cpp;c;cc;cxx;def;odl;idl;hpj;bat;asm;asmx</Extensions>
    </Filter>
    <Filter Include="Source Files\FullTables">
      <UniqueIdentifier>{c7aab71f-0966-4aeb-ae32-c9017a9f799a}</UniqueIdentifier>
    </Filter>
    <Filter Include="Header Files">
      <UniqueIdentifier>{93995380-89BD-4b04-88EB-625FBE52EBFB}</UniqueIdentifier>
      <Extensions>h;hpp;hxx;hm;inl;inc;xsd</Extensions>
    </Filter>
    <Filter Include="Header Files\FullTables">
      <UniqueIdentifier>{00cb5b4a-5ed3-405e-a04f-6b85766d39c9}</UniqueIdentifier>
    </Filter>
    <Filter Include="Resource Files">
      <UniqueIdentifier>{67DA6AB6-F800-4c08-8B7A-83BB121AAD01}</UniqueIdentifier>
      <Extensions>rc;ico;cur;bmp;dlg;rc2;rct;bin;rgs;gif;jpg;jpeg;jpe;resx;tiff;tif;png;wav</Extensions>
    </Filter>
    <Filter Include="Header Files\ShortTables">
      <UniqueIdentifier>{b9779444-b810-427a-919c-d88d39d6d581}</UniqueIdentifier>
    </Filter>
    <Filter Include="Source Files\ShortTables">
      <UniqueIdentifier>{ec0c6537-c61e-4afa-bfd9-cb49d7cf1725}</UniqueIdentifier>
    </Filter>
  </ItemGroup>
  <ItemGroup>
    <ClCompile Include="CActionContainerImpl.cpp">
      <Filter>Source Files</Filter>
    </ClCompile>
    <ClCompile Include="CAntFitnes.cpp">
      <Filter>Source Files</Filter>
    </ClCompile>
    <ClCompile Include="CCLWrapInvoker.cpp">
      <Filter>Source Files</Filter>
    </ClCompile>
    <ClCompile Include="CGeneticStrategyCommon.cpp">
      <Filter>Source Files</Filter>
    </ClCompile>
    <ClCompile Include="CLaboratoryFactory.cpp">
      <Filter>Source Files</Filter>
    </ClCompile>
    <ClCompile Include="CLaboratoryMulti.cpp">
      <Filter>Source Files</Filter>
    </ClCompile>
    <ClCompile Include="CLabResultMulti.cpp">
      <Filter>Source Files</Filter>
    </ClCompile>
    <ClCompile Include="CMapFactory.cpp">
      <Filter>Source Files</Filter>
    </ClCompile>
    <ClCompile Include="CMapImpl.cpp">
      <Filter>Source Files</Filter>
    </ClCompile>
    <ClCompile Include="CRandomImpl.cpp">
      <Filter>Source Files</Filter>
    </ClCompile>
    <ClCompile Include="CTest.cpp">
      <Filter>Source Files</Filter>
    </ClCompile>
    <ClCompile Include="stdafx.cpp">
      <Filter>Source Files</Filter>
    </ClCompile>
    <ClCompile Include="CAutomatImpl.cpp">
      <Filter>Source Files\FullTables</Filter>
    </ClCompile>
    <ClCompile Include="CGeneticStrategyCL.cpp">
      <Filter>Source Files\FullTables</Filter>
    </ClCompile>
    <ClCompile Include="CGeneticStrategyCLv2.cpp">
      <Filter>Source Files\FullTables</Filter>
    </ClCompile>
    <ClCompile Include="CGeneticStrategyCLWrap.cpp">
      <Filter>Source Files\FullTables</Filter>
    </ClCompile>
    <ClCompile Include="GenCLWrap.cpp">
      <Filter>Source Files\FullTables</Filter>
    </ClCompile>
    <ClCompile Include="..\wxWidgetsHello\gen.c">
      <Filter>Resource Files</Filter>
    </ClCompile>
    <ClCompile Include="CGeneticStrategyImpl.hpp">
      <Filter>Source Files</Filter>
    </ClCompile>
    <ClCompile Include="CGeneticStrategyCLv3.cpp">
      <Filter>Source Files</Filter>
    </ClCompile>
  </ItemGroup>
  <ItemGroup>
    <ClInclude Include="CActionContainerImpl.h">
      <Filter>Header Files</Filter>
    </ClInclude>
    <ClInclude Include="CAntFitnes.h">
      <Filter>Header Files</Filter>
    </ClInclude>
    <ClInclude Include="CGeneticStrategyCommon.h">
      <Filter>Header Files</Filter>
    </ClInclude>
    <ClInclude Include="CLaboratoryFactory.h">
      <Filter>Header Files</Filter>
    </ClInclude>
    <ClInclude Include="CLaboratoryMulti.h">
      <Filter>Header Files</Filter>
    </ClInclude>
    <ClInclude Include="CLabResultMulti.h">
      <Filter>Header Files</Filter>
    </ClInclude>
    <ClInclude Include="CMap.h">
      <Filter>Header Files</Filter>
    </ClInclude>
    <ClInclude Include="CMapFactory.h">
      <Filter>Header Files</Filter>
    </ClInclude>
    <ClInclude Include="CMapImpl.h">
      <Filter>Header Files</Filter>
    </ClInclude>
    <ClInclude Include="COpenCLWrapInvoker.h">
      <Filter>Header Files</Filter>
    </ClInclude>
    <ClInclude Include="CRandomImpl.h">
      <Filter>Header Files</Filter>
    </ClInclude>
    <ClInclude Include="CTest.h">
      <Filter>Header Files</Filter>
    </ClInclude>
    <ClInclude Include="stdafx.h">
      <Filter>Header Files</Filter>
    </ClInclude>
    <ClInclude Include="targetver.h">
      <Filter>Header Files</Filter>
    </ClInclude>
    <ClInclude Include="CAutomatImpl.h">
      <Filter>Header Files\FullTables</Filter>
    </ClInclude>
    <ClInclude Include="CGeneticStrategyCL.h">
      <Filter>Header Files\FullTables</Filter>
    </ClInclude>
    <ClInclude Include="CGeneticStrategyCLv2.h">
      <Filter>Header Files\FullTables</Filter>
    </ClInclude>
    <ClInclude Include="CGeneticStrategyCLWrap.h">
      <Filter>Header Files\FullTables</Filter>
    </ClInclude>
    <ClInclude Include="GenCLWrap.h">
      <Filter>Header Files\FullTables</Filter>
    </ClInclude>
    <ClInclude Include="GeneticParams.h">
      <Filter>Header Files</Filter>
    </ClInclude>
    <ClInclude Include="CGeneticStrategyImpl.h">
      <Filter>Header Files</Filter>
    </ClInclude>
    <ClInclude Include="CGeneticStrategyCLv3.h">
      <Filter>Header Files</Filter>
    </ClInclude>
  </ItemGroup>
  <ItemGroup>
    <Text Include="..\wxWidgetsHello\config.txt">
      <Filter>Resource Files</Filter>
    </Text>
    <Text Include="ReadMe.txt" />
  </ItemGroup>
</Project>